github.com/FortAwesome/Font-Awesome v0.0.0-20240108205627-a1232e345536/go.mod h1:IUgezN/MFpCDIlFezw3L8j83oeiIuYoj28Miwr/KUYo=
github.com/FortAwesome/Font-Awesome v0.0.0-20240402185447-c0f460dca7f7/go.mod h1:IUgezN/MFpCDIlFezw3L8j83oeiIuYoj28Miwr/KUYo=
github.com/google/docsy v0.9.1 h1:+jqges1YCd+yHeuZ1BUvD8V8mEGVtPxULg5j/vaJ984=
github.com/google/docsy v0.9.1/go.mod h1:saOqKEUOn07Bc0orM/JdIF3VkOanHta9LU5Y53bwN2U=
github.com/google/docsy v0.10.1-0.20240529105443-333c2f8d4172 h1:1gAAuOfHRok/hJqfF+wpjOYqlH0d76dwUsskLEnOzxo=
github.com/google/docsy v0.10.1-0.20240529105443-333c2f8d4172/go.mod h1:c0nIAqmRTOuJ01F85U/wJPQtc3Zj9N58Kea9bOT2AJc=
github.com/hugomods/base v0.6.0/go.mod h1:hnWCPbVxuhXBwdFax3mmbMlWKmIo/7OP36MCLOyHtT4=
github.com/hugomods/bootstrap v0.17.0 h1:oH+V92q5W/kye9QPSQdZXYsO3V2wyfkAjdYLPFIfjPI=
github.com/hugomods/bootstrap v0.17.0/go.mod h1:EA5CtuNQX+aNkwEt1xae7clZ+4087KFXWZGE+2/f5oc=
github.com/hugomods/bootstrap v0.21.2 h1:lu9LHkj7RLxkVp2bX//li2Z/OsG36TGHjlFZG4/p9Tw=
github.com/hugomods/bootstrap v0.21.2/go.mod h1:3U2SkU7l1+n8/wJZwB8/2phYhvRyFwCMix7pPNJ4U+I=
github.com/hugomods/font-awesome v6.4.2+incompatible/go.mod h1:C2wW6xDvHkcMlJMVTPQ+Npt+rO0OGv13xT1iyll2z2Q=
github.com/hugomods/icons v0.6.0/go.mod h1:cIkSvK6W0q6N4U6n9KGz+QfRWQXAW0INd+1P31gPNGg=
github.com/hugomods/icons v0.6.2/go.mod h1:cIkSvK6W0q6N4U6n9KGz+QfRWQXAW0INd+1P31gPNGg=
github.com/hugomods/icons v0.6.3/go.mod h1:cIkSvK6W0q6N4U6n9KGz+QfRWQXAW0INd+1P31gPNGg=
github.com/hugomods/icons/vendors/bootstrap v0.5.3/go.mod h1:SuPcqO3u8gN4epmf+2L1G8pg6X3nXj2D6FYRWd+OIrw=
github.com/hugomods/icons/vendors/bootstrap v0.5.4 h1:I/Zr7xBYZZsVkR8NJkTn3x3a5Mp8y1EUmWoI/Ypg6/I=
github.com/hugomods/icons/vendors/bootstrap v0.5.4/go.mod h1:DtuYP+dG9Sttfsggd9k09h/hapZBsel6JJ1vNetkaCg=
github.com/hugomods/icons/vendors/bootstrap v0.5.6/go.mod h1:Sw1RhQvFcsQlJ5a4SKpp7A0XHDYQ0DK0pQwnnx+l+Ao=
github.com/hugomods/icons/vendors/font-awesome v0.6.2 h1:IAwdVZc0Vw+jS9/jSJhoOhRp53LBV5XXLDZlyxcXAlQ=
github.com/hugomods/icons/vendors/font-awesome v0.6.2/go.mod h1:S7BE6/wpDplzG9uTnZqG6Q7ruMFi8MN1R+DqE8gNc3Y=
github.com/hugomods/images v0.9.0 h1:qPIJisJw5cSN6xsUYpmBeGVQ6tFE8JphJkUhOkumsxI=
github.com/hugomods/images v0.9.0/go.mod h1:U6Gwj16LKvk66rOMyGFrnF6f0aV8lT89lqOsckOAjYY=
github.com/hugomods/images v0.10.1/go.mod h1:U6Gwj16LKvk66rOMyGFrnF6f0aV8lT89lqOsckOAjYY=
github.com/twbs/bootstrap v5.2.3+incompatible/go.mod h1:fZTSrkpSf0/HkL0IIJzvVspTt1r9zuf7XlZau8kpcY0=
github.com/twbs/bootstrap v5.3.3+incompatible/go.mod h1:fZTSrkpSf0/HkL0IIJzvVspTt1r9zuf7XlZau8kpcY0=
github.com/twbs/icons v1.11.3/go.mod h1:GnRlymgVWp5iVJCMa0Me5b6tFyGpVc2bSxPMRGIJmyA=
