github.com/FortAwesome/Font-Awesome v0.0.0-20230327165841-0698449d50f2 h1:Uv1z5EqCfmiK4IHUwT0m3h/u/WCk+kpRfxvAZhpC7Gc=
github.com/FortAwesome/Font-Awesome v0.0.0-20230327165841-0698449d50f2/go.mod h1:IUgezN/MFpCDIlFezw3L8j83oeiIuYoj28Miwr/KUYo=
github.com/google/docsy v0.8.0 h1:RgHyKRTo8YwScMThrf01Ky2yCGpUS1hpkspwNv6szT4=
github.com/google/docsy v0.8.0/go.mod h1:FqTNN2T7pWEGW8dc+v5hQ5VF29W5uaL00PQ1LdVw5F8=
github.com/hugomods/bootstrap v0.17.0 h1:oH+V92q5W/kye9QPSQdZXYsO3V2wyfkAjdYLPFIfjPI=
github.com/hugomods/bootstrap v0.17.0/go.mod h1:EA5CtuNQX+aNkwEt1xae7clZ+4087KFXWZGE+2/f5oc=
github.com/hugomods/font-awesome v6.4.2+incompatible/go.mod h1:C2wW6xDvHkcMlJMVTPQ+Npt+rO0OGv13xT1iyll2z2Q=
github.com/hugomods/icons v0.6.0/go.mod h1:cIkSvK6W0q6N4U6n9KGz+QfRWQXAW0INd+1P31gPNGg=
github.com/hugomods/icons/vendors/bootstrap v0.5.3 h1:3twbdiKpeCudV0UFNBZqUgBLIjG5qcv4lvvlALgR5ro=
github.com/hugomods/icons/vendors/bootstrap v0.5.3/go.mod h1:SuPcqO3u8gN4epmf+2L1G8pg6X3nXj2D6FYRWd+OIrw=
github.com/hugomods/icons/vendors/font-awesome v0.6.1 h1:MyYF67fPthN4EDkT/IwY0ydowxzE6J/oKFTltOCY2vY=
github.com/hugomods/icons/vendors/font-awesome v0.6.1/go.mod h1:kmMci4qX8yTQPT28sskzKRudJiQAAiZZugjNbkakRhk=
github.com/hugomods/images v0.9.0 h1:qPIJisJw5cSN6xsUYpmBeGVQ6tFE8JphJkUhOkumsxI=
github.com/hugomods/images v0.9.0/go.mod h1:U6Gwj16LKvk66rOMyGFrnF6f0aV8lT89lqOsckOAjYY=
github.com/twbs/bootstrap v5.2.3+incompatible h1:lOmsJx587qfF7/gE7Vv4FxEofegyJlEACeVV+Mt7cgc=
github.com/twbs/bootstrap v5.2.3+incompatible/go.mod h1:fZTSrkpSf0/HkL0IIJzvVspTt1r9zuf7XlZau8kpcY0=
github.com/twbs/icons v1.11.3/go.mod h1:GnRlymgVWp5iVJCMa0Me5b6tFyGpVc2bSxPMRGIJmyA=
