github.com/FortAwesome/Font-Awesome v0.0.0-20240716171331-37eff7fa00de/go.mod h1:IUgezN/MFpCDIlFezw3L8j83oeiIuYoj28Miwr/KUYo=
github.com/FortAwesome/Font-Awesome v0.0.0-20241216213156-af620534bfc3/go.mod h1:IUgezN/MFpCDIlFezw3L8j83oeiIuYoj28Miwr/KUYo=
github.com/google/docsy v0.11.0 h1:QnV40cc28QwS++kP9qINtrIv4hlASruhC/K3FqkHAmM=
github.com/google/docsy v0.11.0/go.mod h1:hGGW0OjNuG5ZbH5JRtALY3yvN8ybbEP/v2iaK4bwOUI=
github.com/google/docsy v0.12.0 h1:CddZKL39YyJzawr8GTVaakvcUTCJRAAYdz7W0qfZ2P4=
github.com/google/docsy v0.12.0/go.mod h1:1bioDqA493neyFesaTvQ9reV0V2vYy+xUAnlnz7+miM=
github.com/hugomods/base v0.7.2/go.mod h1:hnWCPbVxuhXBwdFax3mmbMlWKmIo/7OP36MCLOyHtT4=
github.com/hugomods/bootstrap v0.23.0 h1:/Mj6VCk+xUNan72m4ulupu+oRug7IuvpBO1jp+MhhFw=
github.com/hugomods/bootstrap v0.23.0/go.mod h1:eL5Y6abDndTt/LZu1VtgprvkdZgsV7/d3jpSoCcDkKQ=
github.com/hugomods/font-awesome v6.6.0+incompatible/go.mod h1:C2wW6xDvHkcMlJMVTPQ+Npt+rO0OGv13xT1iyll2z2Q=
github.com/hugomods/font-awesome v6.7.1+incompatible/go.mod h1:C2wW6xDvHkcMlJMVTPQ+Npt+rO0OGv13xT1iyll2z2Q=
github.com/hugomods/icons v0.6.5/go.mod h1:cIkSvK6W0q6N4U6n9KGz+QfRWQXAW0INd+1P31gPNGg=
github.com/hugomods/icons v0.6.6/go.mod h1:cIkSvK6W0q6N4U6n9KGz+QfRWQXAW0INd+1P31gPNGg=
github.com/hugomods/icons/vendors/bootstrap v0.5.8 h1:6M+G4F58pt3GkiGFeCDjKonExVV8PbBAVhDS8YQT7oY=
github.com/hugomods/icons/vendors/bootstrap v0.5.8/go.mod h1:jla3IbQAByyz45AikUAw/c7h0wUMUn5Z2j4gh+zVDj4=
github.com/hugomods/icons/vendors/bootstrap v0.5.11 h1:8gZnk0wR1JSC+07L7T1okJiGAva7V1rGnOIQYSsr4/8=
github.com/hugomods/icons/vendors/bootstrap v0.5.11/go.mod h1:PAN+bzB4MW4dkA2gZbmKRJQ6lskHzoosqZzlCTgPv0k=
github.com/hugomods/icons/vendors/font-awesome v0.6.9 h1:ZpnyXeCOa9n7NBVURSRIZuGZykz80udHT8yxM+RE6NQ=
github.com/hugomods/icons/vendors/font-awesome v0.6.9/go.mod h1:YPxdyI0WHuZfvwNeG8ADHXwnWmWIuu3PqiYGz8q9Skw=
github.com/hugomods/icons/vendors/font-awesome v0.6.12 h1:I8ckJFuxr8mD8bJ4NX9NrmnHd3f6XvITuD2ME8a9wXc=
github.com/hugomods/icons/vendors/font-awesome v0.6.12/go.mod h1:6YBo/5GaNpAocKwnKNWcd9xkliiRJXmwz2mstY5lr9I=
github.com/hugomods/images v0.11.2/go.mod h1:U6Gwj16LKvk66rOMyGFrnF6f0aV8lT89lqOsckOAjYY=
github.com/twbs/bootstrap v5.3.3+incompatible/go.mod h1:fZTSrkpSf0/HkL0IIJzvVspTt1r9zuf7XlZau8kpcY0=
github.com/twbs/bootstrap v5.3.6+incompatible/go.mod h1:fZTSrkpSf0/HkL0IIJzvVspTt1r9zuf7XlZau8kpcY0=
github.com/twbs/icons v1.11.3/go.mod h1:GnRlymgVWp5iVJCMa0Me5b6tFyGpVc2bSxPMRGIJmyA=
github.com/twbs/icons v1.13.1/go.mod h1:GnRlymgVWp5iVJCMa0Me5b6tFyGpVc2bSxPMRGIJmyA=
